
Microsoft Visual Studio Solution File, Format Version 12.00
# Visual Studio Version 17
VisualStudioVersion = 17.4.33205.214
MinimumVisualStudioVersion = 10.0.40219.1
Project("{9A19103F-16F7-4668-BE54-9A1E7A4F7556}") = "NavalWar.API", "NavalWar.API\NavalWar.API.csproj", "{84BCDF2D-4919-4D18-801A-C8DF73EDA680}"
EndProject
Project("{9A19103F-16F7-4668-BE54-9A1E7A4F7556}") = "NavalWar.DTO", "NavalWar.DTO\NavalWar.DTO.csproj", "{367B7F00-4C10-4504-8DC6-B277D250C3F5}"
EndProject
Project("{9A19103F-16F7-4668-BE54-9A1E7A4F7556}") = "NavalWar.Business", "NavalWar.Business\NavalWar.Business.csproj", "{BE332070-87D9-4864-BEA1-C81FBB62028A}"
EndProject
Project("{FAE04EC0-301F-11D3-BF4B-00C04F79EFBC}") = "NavalWar.DAL", "NavalWar.DAL\NavalWar.DAL.csproj", "{9B00F111-BF8B-40F2-914F-AB4F22258D05}"
EndProject
Global
	GlobalSection(SolutionConfigurationPlatforms) = preSolution
		Debug|Any CPU = Debug|Any CPU
		Release|Any CPU = Release|Any CPU
	EndGlobalSection
	GlobalSection(ProjectConfigurationPlatforms) = postSolution
		{84BCDF2D-4919-4D18-801A-C8DF73EDA680}.Debug|Any CPU.ActiveCfg = Debug|Any CPU
		{84BCDF2D-4919-4D18-801A-C8DF73EDA680}.Debug|Any CPU.Build.0 = Debug|Any CPU
		{84BCDF2D-4919-4D18-801A-C8DF73EDA680}.Release|Any CPU.ActiveCfg = Release|Any CPU
		{84BCDF2D-4919-4D18-801A-C8DF73EDA680}.Release|Any CPU.Build.0 = Release|Any CPU
		{367B7F00-4C10-4504-8DC6-B277D250C3F5}.Debug|Any CPU.ActiveCfg = Debug|Any CPU
		{367B7F00-4C10-4504-8DC6-B277D250C3F5}.Debug|Any CPU.Build.0 = Debug|Any CPU
		{367B7F00-4C10-4504-8DC6-B277D250C3F5}.Release|Any CPU.ActiveCfg = Release|Any CPU
		{367B7F00-4C10-4504-8DC6-B277D250C3F5}.Release|Any CPU.Build.0 = Release|Any CPU
		{BE332070-87D9-4864-BEA1-C81FBB62028A}.Debug|Any CPU.ActiveCfg = Debug|Any CPU
		{BE332070-87D9-4864-BEA1-C81FBB62028A}.Debug|Any CPU.Build.0 = Debug|Any CPU
		{BE332070-87D9-4864-BEA1-C81FBB62028A}.Release|Any CPU.ActiveCfg = Release|Any CPU
		{BE332070-87D9-4864-BEA1-C81FBB62028A}.Release|Any CPU.Build.0 = Release|Any CPU
		{9B00F111-BF8B-40F2-914F-AB4F22258D05}.Debug|Any CPU.ActiveCfg = Debug|Any CPU
		{9B00F111-BF8B-40F2-914F-AB4F22258D05}.Debug|Any CPU.Build.0 = Debug|Any CPU
		{9B00F111-BF8B-40F2-914F-AB4F22258D05}.Release|Any CPU.ActiveCfg = Release|Any CPU
		{9B00F111-BF8B-40F2-914F-AB4F22258D05}.Release|Any CPU.Build.0 = Release|Any CPU
	EndGlobalSection
	GlobalSection(SolutionProperties) = preSolution
		HideSolutionNode = FALSE
	EndGlobalSection
	GlobalSection(ExtensibilityGlobals) = postSolution
		SolutionGuid = {34EBE6C5-D3E6-4865-ABC7-BB7399B43D62}
	EndGlobalSection
EndGlobal
